
Microsoft Visual Studio Solution File, Format Version 12.00
# Visual Studio Version 17
VisualStudioVersion = 17.10.35013.160
MinimumVisualStudioVersion = 10.0.40219.1
Project("{2150E333-8FDC-42A3-9474-1A3956D46DE8}") = "src", "src", "{1C13812D-EE9B-42C7-97C7-3010371D5083}"
EndProject
Project("{2150E333-8FDC-42A3-9474-1A3956D46DE8}") = "test", "test", "{001DF43E-456D-4C65-81E9-38DF8A38CAB3}"
EndProject
Project("{2150E333-8FDC-42A3-9474-1A3956D46DE8}") = "Infrastructure", "Infrastructure", "{8E15BD0D-5257-4FCE-AC82-3C563D7DE1F1}"
EndProject
Project("{2150E333-8FDC-42A3-9474-1A3956D46DE8}") = "API", "API", "{F2EB0697-B66B-4B85-9FDE-1D7A8958529D}"
EndProject
Project("{2150E333-8FDC-42A3-9474-1A3956D46DE8}") = "Core", "Core", "{67666699-ADF0-42B8-B658-BBF8924EC043}"
EndProject
Project("{2150E333-8FDC-42A3-9474-1A3956D46DE8}") = "UI", "UI", "{0D917A7C-ECEA-4BC4-A4F0-42CBB8C84FC8}"
EndProject
Project("{FAE04EC0-301F-11D3-BF4B-00C04F79EFBC}") = "HR.LeaveManagement.Domain", "HR.LeaveManagement.Domain\HR.LeaveManagement.Domain.csproj", "{A4BC691E-DC08-4DB8-AC52-F598072DD2B2}"
EndProject
Project("{FAE04EC0-301F-11D3-BF4B-00C04F79EFBC}") = "HR.LeaveManagement.Application", "HR.LeaveManagement.Application\HR.LeaveManagement.Application.csproj", "{97EF1DE1-1BB2-4CE2-9A24-BFFC6C79E3BC}"
EndProject
Project("{FAE04EC0-301F-11D3-BF4B-00C04F79EFBC}") = "HR.LeaveManagement.Persistence", "HR.LeaveManagement.Persistence\HR.LeaveManagement.Persistence.csproj", "{E1AA6B8F-A4D7-42F4-A570-D1E6416D4D54}"
EndProject
Project("{FAE04EC0-301F-11D3-BF4B-00C04F79EFBC}") = "HR.LeaveManagement.Infrastructure", "HR.LeaveManagement.Infrastructure\HR.LeaveManagement.Infrastructure.csproj", "{97432A9B-A42E-4930-BA0B-7A0CAD3A11E9}"
EndProject
Global
	GlobalSection(SolutionConfigurationPlatforms) = preSolution
		Debug|Any CPU = Debug|Any CPU
		Release|Any CPU = Release|Any CPU
	EndGlobalSection
	GlobalSection(ProjectConfigurationPlatforms) = postSolution
		{A4BC691E-DC08-4DB8-AC52-F598072DD2B2}.Debug|Any CPU.ActiveCfg = Debug|Any CPU
		{A4BC691E-DC08-4DB8-AC52-F598072DD2B2}.Debug|Any CPU.Build.0 = Debug|Any CPU
		{A4BC691E-DC08-4DB8-AC52-F598072DD2B2}.Release|Any CPU.ActiveCfg = Release|Any CPU
		{A4BC691E-DC08-4DB8-AC52-F598072DD2B2}.Release|Any CPU.Build.0 = Release|Any CPU
		{97EF1DE1-1BB2-4CE2-9A24-BFFC6C79E3BC}.Debug|Any CPU.ActiveCfg = Debug|Any CPU
		{97EF1DE1-1BB2-4CE2-9A24-BFFC6C79E3BC}.Debug|Any CPU.Build.0 = Debug|Any CPU
		{97EF1DE1-1BB2-4CE2-9A24-BFFC6C79E3BC}.Release|Any CPU.ActiveCfg = Release|Any CPU
		{97EF1DE1-1BB2-4CE2-9A24-BFFC6C79E3BC}.Release|Any CPU.Build.0 = Release|Any CPU
		{E1AA6B8F-A4D7-42F4-A570-D1E6416D4D54}.Debug|Any CPU.ActiveCfg = Debug|Any CPU
		{E1AA6B8F-A4D7-42F4-A570-D1E6416D4D54}.Debug|Any CPU.Build.0 = Debug|Any CPU
		{E1AA6B8F-A4D7-42F4-A570-D1E6416D4D54}.Release|Any CPU.ActiveCfg = Release|Any CPU
		{E1AA6B8F-A4D7-42F4-A570-D1E6416D4D54}.Release|Any CPU.Build.0 = Release|Any CPU
		{97432A9B-A42E-4930-BA0B-7A0CAD3A11E9}.Debug|Any CPU.ActiveCfg = Debug|Any CPU
		{97432A9B-A42E-4930-BA0B-7A0CAD3A11E9}.Debug|Any CPU.Build.0 = Debug|Any CPU
		{97432A9B-A42E-4930-BA0B-7A0CAD3A11E9}.Release|Any CPU.ActiveCfg = Release|Any CPU
		{97432A9B-A42E-4930-BA0B-7A0CAD3A11E9}.Release|Any CPU.Build.0 = Release|Any CPU
	EndGlobalSection
	GlobalSection(SolutionProperties) = preSolution
		HideSolutionNode = FALSE
	EndGlobalSection
	GlobalSection(NestedProjects) = preSolution
		{8E15BD0D-5257-4FCE-AC82-3C563D7DE1F1} = {1C13812D-EE9B-42C7-97C7-3010371D5083}
		{F2EB0697-B66B-4B85-9FDE-1D7A8958529D} = {1C13812D-EE9B-42C7-97C7-3010371D5083}
		{67666699-ADF0-42B8-B658-BBF8924EC043} = {1C13812D-EE9B-42C7-97C7-3010371D5083}
		{0D917A7C-ECEA-4BC4-A4F0-42CBB8C84FC8} = {1C13812D-EE9B-42C7-97C7-3010371D5083}
		{A4BC691E-DC08-4DB8-AC52-F598072DD2B2} = {67666699-ADF0-42B8-B658-BBF8924EC043}
		{97EF1DE1-1BB2-4CE2-9A24-BFFC6C79E3BC} = {67666699-ADF0-42B8-B658-BBF8924EC043}
		{E1AA6B8F-A4D7-42F4-A570-D1E6416D4D54} = {8E15BD0D-5257-4FCE-AC82-3C563D7DE1F1}
		{97432A9B-A42E-4930-BA0B-7A0CAD3A11E9} = {8E15BD0D-5257-4FCE-AC82-3C563D7DE1F1}
	EndGlobalSection
	GlobalSection(ExtensibilityGlobals) = postSolution
		SolutionGuid = {7632BAD5-C8A8-4198-9156-D305E10181AA}
	EndGlobalSection
EndGlobal
